
Microsoft Visual Studio Solution File, Format Version 12.00
# Visual Studio Version 17
VisualStudioVersion = 17.9.34902.65
MinimumVisualStudioVersion = 10.0.40219.1
Project("{9A19103F-16F7-4668-BE54-9A1E7A4F7556}") = "Frontendclasnew", "Frontendclasnew\Frontendclasnew\Frontendclasnew.csproj", "{3CB70F8E-332F-4A61-A25C-20F30A84758C}"
EndProject
Project("{9A19103F-16F7-4668-BE54-9A1E7A4F7556}") = "Frontendclasnew.Client", "Frontendclasnew\Frontendclasnew.Client\Frontendclasnew.Client.csproj", "{91395A8A-A09E-4390-B09D-7C78B806D502}"
EndProject
Global
	GlobalSection(SolutionConfigurationPlatforms) = preSolution
		Debug|Any CPU = Debug|Any CPU
		Release|Any CPU = Release|Any CPU
	EndGlobalSection
	GlobalSection(ProjectConfigurationPlatforms) = postSolution
		{3CB70F8E-332F-4A61-A25C-20F30A84758C}.Debug|Any CPU.ActiveCfg = Debug|Any CPU
		{3CB70F8E-332F-4A61-A25C-20F30A84758C}.Debug|Any CPU.Build.0 = Debug|Any CPU
		{3CB70F8E-332F-4A61-A25C-20F30A84758C}.Release|Any CPU.ActiveCfg = Release|Any CPU
		{3CB70F8E-332F-4A61-A25C-20F30A84758C}.Release|Any CPU.Build.0 = Release|Any CPU
		{91395A8A-A09E-4390-B09D-7C78B806D502}.Debug|Any CPU.ActiveCfg = Debug|Any CPU
		{91395A8A-A09E-4390-B09D-7C78B806D502}.Debug|Any CPU.Build.0 = Debug|Any CPU
		{91395A8A-A09E-4390-B09D-7C78B806D502}.Release|Any CPU.ActiveCfg = Release|Any CPU
		{91395A8A-A09E-4390-B09D-7C78B806D502}.Release|Any CPU.Build.0 = Release|Any CPU
	EndGlobalSection
	GlobalSection(SolutionProperties) = preSolution
		HideSolutionNode = FALSE
	EndGlobalSection
	GlobalSection(ExtensibilityGlobals) = postSolution
		SolutionGuid = {A80FA293-297C-4BF3-A26A-1297ED586BF2}
	EndGlobalSection
EndGlobal
